
Microsoft Visual Studio Solution File, Format Version 12.00
# Visual Studio Version 17
VisualStudioVersion = 17.14.36717.8 d17.14
MinimumVisualStudioVersion = 10.0.40219.1
Project("{FAE04EC0-301F-11D3-BF4B-00C04F79EFBC}") = "RevitElementInfoTask", "RevitElementInfoTask.csproj", "{2FA3DFC8-FB1F-4552-AB0A-3324A4D519F1}"
EndProject
Global
	GlobalSection(SolutionConfigurationPlatforms) = preSolution
		Debug|Any CPU = Debug|Any CPU
		Release|Any CPU = Release|Any CPU
	EndGlobalSection
	GlobalSection(ProjectConfigurationPlatforms) = postSolution
		{2FA3DFC8-FB1F-4552-AB0A-3324A4D519F1}.Debug|Any CPU.ActiveCfg = Debug|Any CPU
		{2FA3DFC8-FB1F-4552-AB0A-3324A4D519F1}.Debug|Any CPU.Build.0 = Debug|Any CPU
		{2FA3DFC8-FB1F-4552-AB0A-3324A4D519F1}.Release|Any CPU.ActiveCfg = Release|Any CPU
		{2FA3DFC8-FB1F-4552-AB0A-3324A4D519F1}.Release|Any CPU.Build.0 = Release|Any CPU
	EndGlobalSection
	GlobalSection(SolutionProperties) = preSolution
		HideSolutionNode = FALSE
	EndGlobalSection
	GlobalSection(ExtensibilityGlobals) = postSolution
		SolutionGuid = {1C571919-F899-4B84-9364-F4D2A489FD81}
	EndGlobalSection
EndGlobal
